{
  "name": "@research-harness/deepseek-integration",
  "version": "0.1.2",
  "lockfileVersion": 3,
  "requires": true,
  "packages": {
    "": {
      "name": "@research-harness/deepseek-integration",
      "version": "0.1.2",
      "dependencies": {
        "@deepseek-ai/cordis": "4.0.1",
        "@deepseek-ai/dsh-agent": "0.1.0-rc.8",
        "@deepseek-ai/dsh-agent-presets": "0.1.0-rc.8",
        "@deepseek-ai/dsh-llm": "0.1.0-rc.8",
        "@deepseek-ai/dsh-persona": "0.1.0-rc.8",
        "@deepseek-ai/dsh-sandbox-policy": "0.1.0-rc.8",
        "@deepseek-ai/dsh-session": "0.1.0-rc.8",
        "@deepseek-ai/dsh-session-persistence": "0.1.0-rc.8",
        "@deepseek-ai/dsh-skill": "0.1.0-rc.8",
        "@deepseek-ai/dsh-subprocess": "0.1.0-rc.8",
        "@deepseek-ai/dsh-system-prompt": "0.1.0-rc.8",
        "@deepseek-ai/dsh-tool-bash": "0.1.0-rc.8",
        "@deepseek-ai/dsh-tool-fs": "0.1.0-rc.8",
        "@deepseek-ai/dsh-tools": "0.1.0-rc.8",
        "@deepseek-ai/dsh-user-approval": "0.1.0-rc.8",
        "@deepseek-ai/schemastery": "3.18.1"
      },
      "bin": {
        "research-cordis": "lib/operator-cli.js"
      },
      "devDependencies": {
        "@deepseek-ai/cordis-plugin-loader": "1.0.2",
        "@types/node": "^24.0.0",
        "typescript": "^5.9.0"
      },
      "engines": {
        "node": ">=20"
      },
      "license": "MIT"
    },
    "node_modules/@deepseek-ai/cordis": {
      "version": "4.0.1",
      "resolved": "https://registry.npmjs.org/@deepseek-ai/cordis/-/cordis-4.0.1.tgz",
      "integrity": "sha512-YBdskTU2Po1kru3GgcUWUbkTsPMA9LkSQDAY8rBkFJeajdgcQad3QPJZE26JyK99Xb6HaASvoXg2DSUTeN/0Nw==",
      "license": "MIT",
      "dependencies": {
        "@deepseek-ai/cosmokit": "^1.8.2",
        "@standard-schema/spec": "^1.1.0"
      },
      "bin": {
        "cordis": "bin.js"
      },
      "peerDependencies": {
        "@deepseek-ai/cordis-plugin-include": "^1.0.6",
        "@deepseek-ai/cordis-plugin-loader": "^1.0.2"
      },
      "peerDependenciesMeta": {
        "@deepseek-ai/cordis-plugin-include": {
          "optional": true
        },
        "@deepseek-ai/cordis-plugin-loader": {
          "optional": true
        }
      }
    },
    "node_modules/@deepseek-ai/cordis-plugin-include": {
      "version": "1.0.6",
      "resolved": "https://registry.npmjs.org/@deepseek-ai/cordis-plugin-include/-/cordis-plugin-include-1.0.6.tgz",
      "integrity": "sha512-i1VXrZCbv6tk/iUgedCNjrxxArbWT3IvRZGB5sdqJ3ectnihivXXQbRZ8JJ73DSmAPvlMGmrbtjFAfm10yvXRg==",
      "license": "MIT",
      "peer": true,
      "dependencies": {
        "@deepseek-ai/cosmokit": "^1.8.2",
        "js-yaml": "^4.1.0"
      },
      "peerDependencies": {
        "@deepseek-ai/cordis": "^4.0.1",
        "@deepseek-ai/cordis-plugin-loader": "^1.0.2"
      }
    },
    "node_modules/@deepseek-ai/cordis-plugin-loader": {
      "version": "1.0.2",
      "resolved": "https://registry.npmjs.org/@deepseek-ai/cordis-plugin-loader/-/cordis-plugin-loader-1.0.2.tgz",
      "integrity": "sha512-RIW9hoVyhYDWdCI9BsvtZccPde1ECLC4OAxupwowGTak78vwVTVdb3HezTSOK1Y1/Ax3Ru0LA1pYOB04CnTxIQ==",
      "license": "MIT",
      "dependencies": {
        "@deepseek-ai/cosmokit": "^1.8.2"
      },
      "peerDependencies": {
        "@deepseek-ai/cordis": "^4.0.1",
        "node-addon-require-builtin": "^0.1.4"
      },
      "peerDependenciesMeta": {
        "node-addon-require-builtin": {
          "optional": true
        }
      }
    },
    "node_modules/@deepseek-ai/cosmokit": {
      "version": "1.8.2",
      "resolved": "https://registry.npmjs.org/@deepseek-ai/cosmokit/-/cosmokit-1.8.2.tgz",
      "integrity": "sha512-muBOKtSrUKU5m/xpq8ZXWL6hQ/jgd4PhU2PqH97bcxIiLEJfNwZOGQEx4t/aS/GgxRAR+ra9pMHPMtTHU4sqqA==",
      "license": "MIT"
    },
    "node_modules/@deepseek-ai/dsh-agent": {
      "version": "0.1.0-rc.8",
      "resolved": "https://registry.npmjs.org/@deepseek-ai/dsh-agent/-/dsh-agent-0.1.0-rc.8.tgz",
      "integrity": "sha512-fOl46ZvzoYHalrlyfOJAHNhzyKeVDTUnZZKNSJEr9GY/98WJTjcV21agVEofTXldkJ7a/ws2HpJkVNJVFMtslg==",
      "license": "MIT",
      "peerDependencies": {
        "@deepseek-ai/cordis": "^4.0.1",
        "@deepseek-ai/dsh-invariants": "^0.1.0-rc.8",
        "@deepseek-ai/dsh-llm": "^0.1.0-rc.8",
        "@deepseek-ai/dsh-scope": "^0.1.0-rc.8",
        "@deepseek-ai/dsh-session": "^0.1.0-rc.8",
        "@deepseek-ai/dsh-system-prompt": "^0.1.0-rc.8",
        "@deepseek-ai/dsh-typert-protocol": "^0.1.0-rc.8"
      }
    },
    "node_modules/@deepseek-ai/dsh-agent-presets": {
      "version": "0.1.0-rc.8",
      "resolved": "https://registry.npmjs.org/@deepseek-ai/dsh-agent-presets/-/dsh-agent-presets-0.1.0-rc.8.tgz",
      "integrity": "sha512-7h+kE0KDrJCk2Y8GAqF4fu4YqZmFi5U8/AarFkGUqRI3HDugD6oYf05c7ZWNF7lQXh1OmwmrSbuPhT/YXJapOg==",
      "license": "MIT",
      "dependencies": {
        "@deepseek-ai/schemastery": "^3.18.1",
        "js-yaml": "^4.1.0"
      },
      "peerDependencies": {
        "@deepseek-ai/cordis": "^4.0.1",
        "@deepseek-ai/cordis-plugin-include": "^1.0.6",
        "@deepseek-ai/cordis-plugin-loader": "^1.0.2",
        "@deepseek-ai/dsh-agent": "^0.1.0-rc.8",
        "@deepseek-ai/dsh-atomic-write": "^0.1.0-rc.8",
        "@deepseek-ai/dsh-home-paths": "^0.1.0-rc.8",
        "@deepseek-ai/dsh-invariants": "^0.1.0-rc.8",
        "@deepseek-ai/dsh-scope": "^0.1.0-rc.8",
        "@deepseek-ai/dsh-session": "^0.1.0-rc.8",
        "@deepseek-ai/dsh-settings": "^0.1.0-rc.8",
        "@deepseek-ai/dsh-system-prompt": "^0.1.0-rc.8"
      }
    },
    "node_modules/@deepseek-ai/dsh-atomic-write": {
      "version": "0.1.0-rc.8",
      "resolved": "https://registry.npmjs.org/@deepseek-ai/dsh-atomic-write/-/dsh-atomic-write-0.1.0-rc.8.tgz",
      "integrity": "sha512-SWP+NAat3oteaPi47zLPz4vxeYCHNVmFpN1aeKDuPHpe/ouNTl+WcyIONAJ+1MbZ+8APWhSaJIVu6ORJEUhVGw==",
      "license": "MIT",
      "peer": true,
      "peerDependencies": {
        "@deepseek-ai/cordis": "^4.0.1",
        "@deepseek-ai/dsh-invariants": "^0.1.0-rc.8"
      }
    },
    "node_modules/@deepseek-ai/dsh-attachment": {
      "version": "0.1.0-rc.8",
      "resolved": "https://registry.npmjs.org/@deepseek-ai/dsh-attachment/-/dsh-attachment-0.1.0-rc.8.tgz",
      "integrity": "sha512-cCrg4WWiav7pGtbdU8dJTpAG28cPnkWVB2YPOrlBCgBbhQziGcG9Dv67Ti6L3PI4OQKC55gYBFinQghFO/7FGg==",
      "license": "MIT",
      "peer": true,
      "peerDependencies": {
        "@deepseek-ai/cordis": "^4.0.1",
        "@deepseek-ai/dsh-brand": "^0.1.0-rc.8",
        "@deepseek-ai/dsh-invariants": "^0.1.0-rc.8"
      }
    },
    "node_modules/@deepseek-ai/dsh-brand": {
      "version": "0.1.0-rc.8",
      "resolved": "https://registry.npmjs.org/@deepseek-ai/dsh-brand/-/dsh-brand-0.1.0-rc.8.tgz",
      "integrity": "sha512-402aUAfHxIZJrArBV4gDf0I/A/69A/By26FX6HTIOyFmCnB4wUBKh8jnglz1CorKWdZy8AKldAhh8HQhQEbGOQ==",
      "license": "MIT",
      "peer": true,
      "peerDependencies": {
        "@deepseek-ai/cordis": "^4.0.1",
        "@deepseek-ai/dsh-invariants": "^0.1.0-rc.8"
      }
    },
    "node_modules/@deepseek-ai/dsh-code-runtime": {
      "version": "0.1.0-rc.8",
      "resolved": "https://registry.npmjs.org/@deepseek-ai/dsh-code-runtime/-/dsh-code-runtime-0.1.0-rc.8.tgz",
      "integrity": "sha512-6ZKyEE7dHH1UkKe5b0lg18Byww/7ocZyrNMVjAoUWEWp5i96Brf9Eavu9q3zepBMDMZJErCfV0pyt7KDhBJSig==",
      "license": "MIT",
      "peer": true,
      "peerDependencies": {
        "@deepseek-ai/cordis": "^4.0.1",
        "@deepseek-ai/dsh-invariants": "^0.1.0-rc.8"
      }
    },
    "node_modules/@deepseek-ai/dsh-fs": {
      "version": "0.1.0-rc.8",
      "resolved": "https://registry.npmjs.org/@deepseek-ai/dsh-fs/-/dsh-fs-0.1.0-rc.8.tgz",
      "integrity": "sha512-ge5GW56+z20vYACQ2jqtevusdgMXa64laeU/Chql+VIA3+6xyJ8gLX+oj/1O5TlzhvmZ7ZPfZGBFBEVsEZzTQw==",
      "license": "MIT",
      "peer": true,
      "peerDependencies": {
        "@deepseek-ai/cordis": "^4.0.1",
        "@deepseek-ai/dsh-brand": "^0.1.0-rc.8",
        "@deepseek-ai/dsh-invariants": "^0.1.0-rc.8",
        "@deepseek-ai/dsh-llm": "^0.1.0-rc.8",
        "@deepseek-ai/dsh-sandbox": "^0.1.0-rc.8"
      }
    },
    "node_modules/@deepseek-ai/dsh-home-paths": {
      "version": "0.1.0-rc.8",
      "resolved": "https://registry.npmjs.org/@deepseek-ai/dsh-home-paths/-/dsh-home-paths-0.1.0-rc.8.tgz",
      "integrity": "sha512-9cQhH9CZsw7Zi73VnZk7CcuEVA6yR/Ox+7lp3VHq53fFYSPi0RL+kMWmh5XCrZB4U1OM3+PVsWsA5II9tB+t0Q==",
      "license": "MIT",
      "peer": true,
      "peerDependencies": {
        "@deepseek-ai/cordis": "^4.0.1",
        "@deepseek-ai/dsh-invariants": "^0.1.0-rc.8"
      }
    },
    "node_modules/@deepseek-ai/dsh-invariants": {
      "version": "0.1.0-rc.8",
      "resolved": "https://registry.npmjs.org/@deepseek-ai/dsh-invariants/-/dsh-invariants-0.1.0-rc.8.tgz",
      "integrity": "sha512-u0lYqyxOYwfsVnbsfGXZos5vFvA4cqFnBEW3/ezgljNwkYwzeUP/Y5wjPnQjP+ZzBn3CnVeIF6s2N2Vk3iA5mQ==",
      "license": "MIT",
      "peer": true,
      "dependencies": {
        "@deepseek-ai/schemastery": "^3.18.1"
      },
      "peerDependencies": {
        "@deepseek-ai/cordis": "^4.0.1"
      }
    },
    "node_modules/@deepseek-ai/dsh-jobs": {
      "version": "0.1.0-rc.8",
      "resolved": "https://registry.npmjs.org/@deepseek-ai/dsh-jobs/-/dsh-jobs-0.1.0-rc.8.tgz",
      "integrity": "sha512-HqQudOA4VkjCMpxWiqTCMmuiTa/pehW6yG7dDsctO1vW5K48hWQ/h7czdJKgrh4SMuK4kchv3IipS1KaJmdaog==",
      "license": "MIT",
      "peer": true,
      "peerDependencies": {
        "@deepseek-ai/cordis": "^4.0.1",
        "@deepseek-ai/dsh-agent": "^0.1.0-rc.8",
        "@deepseek-ai/dsh-brand": "^0.1.0-rc.8",
        "@deepseek-ai/dsh-invariants": "^0.1.0-rc.8",
        "@deepseek-ai/dsh-session": "^0.1.0-rc.8"
      }
    },
    "node_modules/@deepseek-ai/dsh-llm": {
      "version": "0.1.0-rc.8",
      "resolved": "https://registry.npmjs.org/@deepseek-ai/dsh-llm/-/dsh-llm-0.1.0-rc.8.tgz",
      "integrity": "sha512-hf6RmX2Stn1UtzpktSHQLkIktQkBm9i/3yFfJlbGSkwyw5Cv9sTYJbyoHzsSnnh6i8nRRcMcBhvMgm23I00oIw==",
      "license": "MIT",
      "dependencies": {
        "@deepseek-ai/schemastery": "^3.18.1"
      },
      "peerDependencies": {
        "@deepseek-ai/cordis": "^4.0.1",
        "@deepseek-ai/dsh-attachment": "^0.1.0-rc.8",
        "@deepseek-ai/dsh-brand": "^0.1.0-rc.8",
        "@deepseek-ai/dsh-invariants": "^0.1.0-rc.8",
        "@deepseek-ai/dsh-timeout": "^0.1.0-rc.8"
      }
    },
    "node_modules/@deepseek-ai/dsh-persona": {
      "version": "0.1.0-rc.8",
      "resolved": "https://registry.npmjs.org/@deepseek-ai/dsh-persona/-/dsh-persona-0.1.0-rc.8.tgz",
      "integrity": "sha512-3COzIzZ5kBd+txuH418h9HG4feuVFyhdh02HWvzsWgaPsxjatuFS0OfS6qsejUTZrFDODQSr1WIOeSt80bDBtA==",
      "license": "MIT",
      "dependencies": {
        "@deepseek-ai/schemastery": "^3.18.1"
      },
      "peerDependencies": {
        "@deepseek-ai/cordis": "^4.0.1",
        "@deepseek-ai/dsh-invariants": "^0.1.0-rc.8",
        "@deepseek-ai/dsh-system-prompt": "^0.1.0-rc.8"
      }
    },
    "node_modules/@deepseek-ai/dsh-sandbox": {
      "version": "0.1.0-rc.8",
      "resolved": "https://registry.npmjs.org/@deepseek-ai/dsh-sandbox/-/dsh-sandbox-0.1.0-rc.8.tgz",
      "integrity": "sha512-dJpy5p/KjKkHG9AnMKU4+/ilj/4DCglsq3kof/jhIwtsZJCix07TEXP9vV8LCv4fU8af7cK3antXw4eVMqkwuQ==",
      "license": "MIT",
      "peer": true,
      "peerDependencies": {
        "@deepseek-ai/cordis": "^4.0.1",
        "@deepseek-ai/dsh-invariants": "^0.1.0-rc.8",
        "@deepseek-ai/dsh-llm": "^0.1.0-rc.8",
        "@deepseek-ai/dsh-session": "^0.1.0-rc.8"
      }
    },
    "node_modules/@deepseek-ai/dsh-sandbox-policy": {
      "version": "0.1.0-rc.8",
      "resolved": "https://registry.npmjs.org/@deepseek-ai/dsh-sandbox-policy/-/dsh-sandbox-policy-0.1.0-rc.8.tgz",
      "integrity": "sha512-xQOlYWbUr1Oj6cnRd5aHZIz52EOEAdSO1HJIfeDkQrVaOgohFsiiCIp6PNFumuGNWdCEnf4Q18ebafLNtazYlA==",
      "license": "MIT",
      "dependencies": {
        "@deepseek-ai/schemastery": "^3.18.1"
      },
      "peerDependencies": {
        "@deepseek-ai/cordis": "^4.0.1",
        "@deepseek-ai/dsh-agent": "^0.1.0-rc.8",
        "@deepseek-ai/dsh-invariants": "^0.1.0-rc.8",
        "@deepseek-ai/dsh-sandbox": "^0.1.0-rc.8",
        "@deepseek-ai/dsh-session": "^0.1.0-rc.8",
        "@deepseek-ai/dsh-system-prompt": "^0.1.0-rc.8"
      }
    },
    "node_modules/@deepseek-ai/dsh-scope": {
      "version": "0.1.0-rc.8",
      "resolved": "https://registry.npmjs.org/@deepseek-ai/dsh-scope/-/dsh-scope-0.1.0-rc.8.tgz",
      "integrity": "sha512-/o+PxkVV2zUy9lYlMFr4TWSb+ESW4DE+fI891yIbsLzOJdFgfbmmLpGrlWgnz8/unIGJZxjeXdwyppV04Z277Q==",
      "license": "MIT",
      "peer": true,
      "peerDependencies": {
        "@deepseek-ai/cordis": "^4.0.1",
        "@deepseek-ai/dsh-invariants": "^0.1.0-rc.8"
      }
    },
    "node_modules/@deepseek-ai/dsh-session": {
      "version": "0.1.0-rc.8",
      "resolved": "https://registry.npmjs.org/@deepseek-ai/dsh-session/-/dsh-session-0.1.0-rc.8.tgz",
      "integrity": "sha512-Qs5Mgn32WPPVB4rKHjsZBgLOkh0TQurUAcc9GaDVudK4dUkpno2HDh++qu/PrwRA3CZ/iwPAoFHCpB3AMMaoLg==",
      "license": "MIT",
      "peerDependencies": {
        "@deepseek-ai/cordis": "^4.0.1",
        "@deepseek-ai/dsh-brand": "^0.1.0-rc.8",
        "@deepseek-ai/dsh-invariants": "^0.1.0-rc.8",
        "@deepseek-ai/dsh-llm": "^0.1.0-rc.8",
        "@deepseek-ai/dsh-scope": "^0.1.0-rc.8",
        "@deepseek-ai/dsh-typert-protocol": "^0.1.0-rc.8"
      }
    },
    "node_modules/@deepseek-ai/dsh-session-persistence": {
      "version": "0.1.0-rc.8",
      "resolved": "https://registry.npmjs.org/@deepseek-ai/dsh-session-persistence/-/dsh-session-persistence-0.1.0-rc.8.tgz",
      "integrity": "sha512-JujorG/UCern0+zxJzNswyWl2tFG9sLzfVNvA5YkTLaRLZt7ZsEhxG4DxWZ6uj+3RJ8sf4bqdKqvpIn9t1pwUw==",
      "license": "MIT",
      "peerDependencies": {
        "@deepseek-ai/cordis": "^4.0.1",
        "@deepseek-ai/dsh-brand": "^0.1.0-rc.8",
        "@deepseek-ai/dsh-invariants": "^0.1.0-rc.8",
        "@deepseek-ai/dsh-session": "^0.1.0-rc.8",
        "@deepseek-ai/dsh-timeout": "^0.1.0-rc.8"
      }
    },
    "node_modules/@deepseek-ai/dsh-settings": {
      "version": "0.1.0-rc.8",
      "resolved": "https://registry.npmjs.org/@deepseek-ai/dsh-settings/-/dsh-settings-0.1.0-rc.8.tgz",
      "integrity": "sha512-pqbMoiSP+Ieww9/4gcHYXcBCDlno1zYDu2OPq+5xdZ+McnK+5YBtHsiRpnR9cHQxGTH7lkfIv+adkOueQW0utg==",
      "license": "MIT",
      "peer": true,
      "peerDependencies": {
        "@deepseek-ai/cordis": "^4.0.1",
        "@deepseek-ai/dsh-brand": "^0.1.0-rc.8",
        "@deepseek-ai/dsh-invariants": "^0.1.0-rc.8",
        "@deepseek-ai/schemastery": "^3.18.1"
      }
    },
    "node_modules/@deepseek-ai/dsh-shell": {
      "version": "0.1.0-rc.8",
      "resolved": "https://registry.npmjs.org/@deepseek-ai/dsh-shell/-/dsh-shell-0.1.0-rc.8.tgz",
      "integrity": "sha512-RNhp7Y25DXUH7o36X4GcN0lnOLg6NXTlWZpYNURT7aDj3UHcLLajRsyddiAh1EbwQnl0GRKRZhLaZHrrG6gMIw==",
      "license": "MIT",
      "peer": true,
      "peerDependencies": {
        "@deepseek-ai/cordis": "^4.0.1",
        "@deepseek-ai/dsh-invariants": "^0.1.0-rc.8",
        "@deepseek-ai/dsh-sandbox": "^0.1.0-rc.8",
        "@deepseek-ai/dsh-settings": "^0.1.0-rc.8",
        "@deepseek-ai/dsh-subprocess": "^0.1.0-rc.8"
      }
    },
    "node_modules/@deepseek-ai/dsh-shell-env": {
      "version": "0.1.0-rc.8",
      "resolved": "https://registry.npmjs.org/@deepseek-ai/dsh-shell-env/-/dsh-shell-env-0.1.0-rc.8.tgz",
      "integrity": "sha512-E/Rlka8BnpB7GM67ZJPjvZyp0O9L5x28giyJhHWZcPHN4rsEQFVVqk0cH6iDT5STy+dMc9BAUW+im18kATIxsA==",
      "license": "MIT",
      "peer": true,
      "dependencies": {
        "@deepseek-ai/schemastery": "^3.18.1"
      },
      "peerDependencies": {
        "@deepseek-ai/cordis": "^4.0.1",
        "@deepseek-ai/dsh-home-paths": "^0.1.0-rc.8",
        "@deepseek-ai/dsh-invariants": "^0.1.0-rc.8",
        "@deepseek-ai/dsh-session-persistence": "^0.1.0-rc.8",
        "@deepseek-ai/dsh-shell": "^0.1.0-rc.8",
        "@deepseek-ai/dsh-tools": "^0.1.0-rc.8"
      }
    },
    "node_modules/@deepseek-ai/dsh-skill": {
      "version": "0.1.0-rc.8",
      "resolved": "https://registry.npmjs.org/@deepseek-ai/dsh-skill/-/dsh-skill-0.1.0-rc.8.tgz",
      "integrity": "sha512-MqcOzl4Y5pQEvFBNVAi5w0IZWH5kVbXmp1RYScrl+8HpVATZbgumDhztVnEc2kUrZu+o6LKb1hnbunK6JHUE5g==",
      "license": "MIT",
      "dependencies": {
        "@deepseek-ai/schemastery": "^3.18.1"
      },
      "peerDependencies": {
        "@deepseek-ai/cordis": "^4.0.1",
        "@deepseek-ai/dsh-invariants": "^0.1.0-rc.8",
        "@deepseek-ai/dsh-llm": "^0.1.0-rc.8",
        "@deepseek-ai/dsh-scope": "^0.1.0-rc.8"
      }
    },
    "node_modules/@deepseek-ai/dsh-subprocess": {
      "version": "0.1.0-rc.8",
      "resolved": "https://registry.npmjs.org/@deepseek-ai/dsh-subprocess/-/dsh-subprocess-0.1.0-rc.8.tgz",
      "integrity": "sha512-rTWwWCq/WrBTjaXhApu7gaho6UHwMZq0+l7nZ06YMUreNZoCHfg67pAXopMqTgr/iotphmXQdChrLgBabzL1gA==",
      "license": "MIT",
      "peerDependencies": {
        "@deepseek-ai/cordis": "^4.0.1",
        "@deepseek-ai/dsh-invariants": "^0.1.0-rc.8"
      }
    },
    "node_modules/@deepseek-ai/dsh-system-prompt": {
      "version": "0.1.0-rc.8",
      "resolved": "https://registry.npmjs.org/@deepseek-ai/dsh-system-prompt/-/dsh-system-prompt-0.1.0-rc.8.tgz",
      "integrity": "sha512-yk8Z85rzX2EwpKNWA5i+K3I3mqsIIUc9niwbDpXO8vlHvpC2qR3RNHjJIJN2EZYDqfSzTVtkbxHFsuMzDXIbew==",
      "license": "MIT",
      "dependencies": {
        "@deepseek-ai/schemastery": "^3.18.1"
      },
      "peerDependencies": {
        "@deepseek-ai/cordis": "^4.0.1",
        "@deepseek-ai/dsh-invariants": "^0.1.0-rc.8",
        "@deepseek-ai/dsh-llm": "^0.1.0-rc.8",
        "@deepseek-ai/dsh-scope": "^0.1.0-rc.8"
      }
    },
    "node_modules/@deepseek-ai/dsh-timeout": {
      "version": "0.1.0-rc.8",
      "resolved": "https://registry.npmjs.org/@deepseek-ai/dsh-timeout/-/dsh-timeout-0.1.0-rc.8.tgz",
      "integrity": "sha512-RwOC/qHribE6b+LStAO7aAgweefLE5sqDO7Uz6/mnTDyJxCt7HNQnE/Op8sAvRa33d752aUkPfO9S0mgzVAoFQ==",
      "license": "MIT",
      "peer": true,
      "peerDependencies": {
        "@deepseek-ai/cordis": "^4.0.1",
        "@deepseek-ai/dsh-invariants": "^0.1.0-rc.8"
      }
    },
    "node_modules/@deepseek-ai/dsh-tool-bash": {
      "version": "0.1.0-rc.8",
      "resolved": "https://registry.npmjs.org/@deepseek-ai/dsh-tool-bash/-/dsh-tool-bash-0.1.0-rc.8.tgz",
      "integrity": "sha512-VvP8Ky8ifqS7Iy7XUxc6cWB7sse3X6gqr92m0hBuodwQblzrZq2b6IyzfTzXKZKLqt5mMUaLRt7IPIDOOG+WEQ==",
      "license": "MIT",
      "dependencies": {
        "@deepseek-ai/schemastery": "^3.18.1"
      },
      "peerDependencies": {
        "@deepseek-ai/cordis": "^4.0.1",
        "@deepseek-ai/dsh-agent": "^0.1.0-rc.8",
        "@deepseek-ai/dsh-invariants": "^0.1.0-rc.8",
        "@deepseek-ai/dsh-jobs": "^0.1.0-rc.8",
        "@deepseek-ai/dsh-llm": "^0.1.0-rc.8",
        "@deepseek-ai/dsh-sandbox": "^0.1.0-rc.8",
        "@deepseek-ai/dsh-sandbox-policy": "^0.1.0-rc.8",
        "@deepseek-ai/dsh-shell": "^0.1.0-rc.8",
        "@deepseek-ai/dsh-shell-env": "^0.1.0-rc.8",
        "@deepseek-ai/dsh-system-prompt": "^0.1.0-rc.8",
        "@deepseek-ai/dsh-tools": "^0.1.0-rc.8",
        "@deepseek-ai/dsh-user-approval": "^0.1.0-rc.8"
      }
    },
    "node_modules/@deepseek-ai/dsh-tool-fs": {
      "version": "0.1.0-rc.8",
      "resolved": "https://registry.npmjs.org/@deepseek-ai/dsh-tool-fs/-/dsh-tool-fs-0.1.0-rc.8.tgz",
      "integrity": "sha512-pxo2YfVlqcw0sCA2+4DtqaaYsuxkx1QfvjT3VO+ckZMWn/UnGOUuzjJtKhVynwjm8prttGqK2LBXUTBZPlKTWg==",
      "license": "MIT",
      "dependencies": {
        "@deepseek-ai/schemastery": "^3.18.1",
        "diff": "^9.0.0"
      },
      "peerDependencies": {
        "@deepseek-ai/cordis": "^4.0.1",
        "@deepseek-ai/dsh-attachment": "^0.1.0-rc.8",
        "@deepseek-ai/dsh-fs": "^0.1.0-rc.8",
        "@deepseek-ai/dsh-invariants": "^0.1.0-rc.8",
        "@deepseek-ai/dsh-llm": "^0.1.0-rc.8",
        "@deepseek-ai/dsh-sandbox": "^0.1.0-rc.8",
        "@deepseek-ai/dsh-sandbox-policy": "^0.1.0-rc.8",
        "@deepseek-ai/dsh-session": "^0.1.0-rc.8",
        "@deepseek-ai/dsh-system-prompt": "^0.1.0-rc.8",
        "@deepseek-ai/dsh-tools": "^0.1.0-rc.8",
        "@deepseek-ai/dsh-user-approval": "^0.1.0-rc.8"
      }
    },
    "node_modules/@deepseek-ai/dsh-tools": {
      "version": "0.1.0-rc.8",
      "resolved": "https://registry.npmjs.org/@deepseek-ai/dsh-tools/-/dsh-tools-0.1.0-rc.8.tgz",
      "integrity": "sha512-tvuGAVUS4yoPW9zH7CGWJgMlAzGjfu2UlRiricldlcwSKAaJZPZx/K/YfTivUyDTER6aK1DJUnIpVG7RD/DoHQ==",
      "license": "MIT",
      "dependencies": {
        "@deepseek-ai/schemastery": "^3.18.1"
      },
      "peerDependencies": {
        "@deepseek-ai/cordis": "^4.0.1",
        "@deepseek-ai/dsh-agent": "^0.1.0-rc.8",
        "@deepseek-ai/dsh-code-runtime": "^0.1.0-rc.8",
        "@deepseek-ai/dsh-invariants": "^0.1.0-rc.8",
        "@deepseek-ai/dsh-llm": "^0.1.0-rc.8",
        "@deepseek-ai/dsh-scope": "^0.1.0-rc.8",
        "@deepseek-ai/dsh-session": "^0.1.0-rc.8",
        "@deepseek-ai/dsh-system-prompt": "^0.1.0-rc.8",
        "@deepseek-ai/dsh-user-approval": "^0.1.0-rc.8"
      }
    },
    "node_modules/@deepseek-ai/dsh-typert-protocol": {
      "version": "0.1.0-rc.8",
      "resolved": "https://registry.npmjs.org/@deepseek-ai/dsh-typert-protocol/-/dsh-typert-protocol-0.1.0-rc.8.tgz",
      "integrity": "sha512-scwEAefRBL7gRpaXiEdiHRMvlr8dLmUbiEvy0LOAX/8X3FZBd/5tHQ/8lCppAQNTDZMI/LSiSMpu5XrFId+7cQ==",
      "license": "MIT",
      "peer": true,
      "peerDependencies": {
        "@deepseek-ai/cordis": "^4.0.1",
        "@deepseek-ai/dsh-invariants": "^0.1.0-rc.8"
      }
    },
    "node_modules/@deepseek-ai/dsh-user-approval": {
      "version": "0.1.0-rc.8",
      "resolved": "https://registry.npmjs.org/@deepseek-ai/dsh-user-approval/-/dsh-user-approval-0.1.0-rc.8.tgz",
      "integrity": "sha512-6SFCxp7dgNFEyzQIcs5i9C+5djgXsAeV0iKmZUCLlcIeVM1chcCMHyGcoXlw8yyB14qFMrMs+TPvhvpu2WWxAw==",
      "license": "MIT",
      "dependencies": {
        "@deepseek-ai/schemastery": "^3.18.1"
      },
      "peerDependencies": {
        "@deepseek-ai/cordis": "^4.0.1",
        "@deepseek-ai/dsh-agent": "^0.1.0-rc.8",
        "@deepseek-ai/dsh-brand": "^0.1.0-rc.8",
        "@deepseek-ai/dsh-invariants": "^0.1.0-rc.8",
        "@deepseek-ai/dsh-llm": "^0.1.0-rc.8",
        "@deepseek-ai/dsh-scope": "^0.1.0-rc.8",
        "@deepseek-ai/dsh-session": "^0.1.0-rc.8",
        "@deepseek-ai/dsh-system-prompt": "^0.1.0-rc.8"
      }
    },
    "node_modules/@deepseek-ai/schemastery": {
      "version": "3.18.1",
      "resolved": "https://registry.npmjs.org/@deepseek-ai/schemastery/-/schemastery-3.18.1.tgz",
      "integrity": "sha512-Qn0FCSwCQnpnj6SB31I6i2sIKgKWnkbJM8O0EU91Gv2UsYVvtZTl6IA0sCwk2e2MZf5S8w5hpq9QkeVvK9qwxg==",
      "license": "MIT",
      "dependencies": {
        "@deepseek-ai/cosmokit": "^1.8.2",
        "@standard-schema/spec": "^1.1.0"
      }
    },
    "node_modules/@standard-schema/spec": {
      "version": "1.1.0",
      "resolved": "https://registry.npmjs.org/@standard-schema/spec/-/spec-1.1.0.tgz",
      "integrity": "sha512-l2aFy5jALhniG5HgqrD6jXLi/rUWrKvqN/qJx6yoJsgKhblVd+iqqU4RCXavm/jPityDo5TCvKMnpjKnOriy0w==",
      "license": "MIT"
    },
    "node_modules/@types/node": {
      "version": "24.13.3",
      "resolved": "https://registry.npmjs.org/@types/node/-/node-24.13.3.tgz",
      "integrity": "sha512-Dh8vAsV36ig5wa9OX4pXvMc9D3Veibfw2wix0CUwYODLD8nkj9UsLjASr49nPg+2eKzxhBV+v7L8pXvT4e639Q==",
      "dev": true,
      "license": "MIT",
      "dependencies": {
        "undici-types": "~7.18.0"
      }
    },
    "node_modules/argparse": {
      "version": "2.0.1",
      "resolved": "https://registry.npmjs.org/argparse/-/argparse-2.0.1.tgz",
      "integrity": "sha512-8+9WqebbFzpX9OR+Wa6O29asIogeRMzcGtAINdpMHHyAg10f05aSFVBbcEqGf/PXw1EjAZ+q2/bEBg3DvurK3Q==",
      "license": "Python-2.0"
    },
    "node_modules/diff": {
      "version": "9.0.0",
      "resolved": "https://registry.npmjs.org/diff/-/diff-9.0.0.tgz",
      "integrity": "sha512-svtcdpS8CgJyqAjEQIXdb3OjhFVVYjzGAPO8WGCmRbrml64SPw/jJD4GoE98aR7r25A0XcgrK3F02yw9R/vhQw==",
      "license": "BSD-3-Clause",
      "engines": {
        "node": ">=0.3.1"
      }
    },
    "node_modules/js-yaml": {
      "version": "4.3.1",
      "resolved": "https://registry.npmjs.org/js-yaml/-/js-yaml-4.3.1.tgz",
      "integrity": "sha512-CY6crGq313MX8GkwvB7tzgp99vjQxY1++5y10/BKN/GUfHqWaOGQMNZkBvqSzsZKWk/ijwHlWzzkLulsGHhjWQ==",
      "funding": [
        {
          "type": "github",
          "url": "https://github.com/sponsors/puzrin"
        },
        {
          "type": "github",
          "url": "https://github.com/sponsors/nodeca"
        }
      ],
      "license": "MIT",
      "dependencies": {
        "argparse": "^2.0.1"
      },
      "bin": {
        "js-yaml": "bin/js-yaml.js"
      }
    },
    "node_modules/typescript": {
      "version": "5.9.3",
      "resolved": "https://registry.npmjs.org/typescript/-/typescript-5.9.3.tgz",
      "integrity": "sha512-jl1vZzPDinLr9eUt3J/t7V6FgNEw9QjvBPdysz9KfQDD41fQrC2Y4vKQdiaUpFT4bXlb1RHhLpp8wtm6M5TgSw==",
      "dev": true,
      "license": "Apache-2.0",
      "bin": {
        "tsc": "bin/tsc",
        "tsserver": "bin/tsserver"
      },
      "engines": {
        "node": ">=14.17"
      }
    },
    "node_modules/undici-types": {
      "version": "7.18.2",
      "resolved": "https://registry.npmjs.org/undici-types/-/undici-types-7.18.2.tgz",
      "integrity": "sha512-AsuCzffGHJybSaRrmr5eHr81mwJU3kjw6M+uprWvCXiNeN9SOGwQ3Jn8jb8m3Z6izVgknn1R0FTCEAP2QrLY/w==",
      "dev": true,
      "license": "MIT"
    }
  }
}
